{
  "name": "pages",
  "version": "1.0.0",
  "lockfileVersion": 1,
  "requires": true,
  "dependencies": {
    "@antv/adjust": {
      "version": "0.1.1",
      "resolved": "https://registry.npmjs.org/@antv/adjust/-/adjust-0.1.1.tgz",
      "integrity": "sha512-9FaMOyBlM4AgoRL0b5o0VhEKAYkexBNUrxV8XmpHU/9NBPJONBOB/NZUlQDqxtLItrt91tCfbAuMQmF529UX2Q==",
      "requires": {
        "@antv/util": "~1.3.1"
      },
      "dependencies": {
        "@antv/util": {
          "version": "1.3.1",
          "resolved": "https://registry.npmjs.org/@antv/util/-/util-1.3.1.tgz",
          "integrity": "sha512-cbUta0hIJrKEaW3eKoGarz3Ita+9qUPF2YzTj8A6wds/nNiy20G26ztIWHU+5ThLc13B1n5Ik52LbaCaeg9enA==",
          "requires": {
            "@antv/gl-matrix": "^2.7.1"
          }
        }
      }
    },
    "@antv/f2": {
      "version": "3.8.1",
      "resolved": "https://registry.npmjs.org/@antv/f2/-/f2-3.8.1.tgz",
      "integrity": "sha512-wDi/+C/aQBpt06UpzuBcJNe0isyQQ7BNJmGCIA+vpq5f5jofVaDCEopJ7HWS7/gBk+VWbFKEOMoKktbvs3Bbdg==",
      "requires": {
        "@antv/adjust": "~0.1.1",
        "@antv/scale": "~0.3.3",
        "@antv/util": "~2.0.6",
        "@babel/runtime": "^7.7.7",
        "@types/hammerjs": "^2.0.36",
        "hammerjs": "^2.0.8",
        "type-fest": "^0.15.1"
      }
    },
    "@antv/f2-canvas": {
      "version": "1.0.5",
      "resolved": "https://registry.npmjs.org/@antv/f2-canvas/-/f2-canvas-1.0.5.tgz",
      "integrity": "sha512-iE4u1kAcxGaluu1CA6F5R0/dfsCMhubEfOKvR6zRwGC9S9bCil0y6JNCsIkyPZGCQYkAtsg3WDlcu2yneyqUuw==",
      "requires": {
        "@antv/wx-f2": "^1.1.4"
      }
    },
    "@antv/gl-matrix": {
      "version": "2.7.1",
      "resolved": "https://registry.npmjs.org/@antv/gl-matrix/-/gl-matrix-2.7.1.tgz",
      "integrity": "sha512-oOWcVNlpELIKi9x+Mm1Vwbz8pXfkbJKykoCIOJ/dNK79hSIANbpXJ5d3Rra9/wZqK6MC961B7sybFhPlLraT3Q=="
    },
    "@antv/scale": {
      "version": "0.3.8",
      "resolved": "https://registry.npmjs.org/@antv/scale/-/scale-0.3.8.tgz",
      "integrity": "sha512-J8PaTMDEu72z9XuWJJN3pWlr6RTbAUpHQ95jYHwjiluDQlrkzhJxlXCIW7gtMIX8UhSMgQx9mEedqlfqceaMQw==",
      "requires": {
        "@antv/util": "~2.0.3",
        "fecha": "~4.2.0",
        "tslib": "^2.0.0"
      }
    },
    "@antv/util": {
      "version": "2.0.10",
      "resolved": "https://registry.npmjs.org/@antv/util/-/util-2.0.10.tgz",
      "integrity": "sha512-cO6F5qyGVdwG21lunhoDhupR+I+eLYAePgDzM2bjU3LwE3akfyymhOlHE8wcONsPEVRLQ3sTOtd+FojO6g01gw==",
      "requires": {
        "tslib": "^2.0.3"
      }
    },
    "@antv/wx-f2": {
      "version": "1.1.4",
      "resolved": "https://registry.npmjs.org/@antv/wx-f2/-/wx-f2-1.1.4.tgz",
      "integrity": "sha512-XaMUwS16ONcpHIEK4yv6wOIxrwSqzhLx4di2kmumQI8xi5vZK1bslJCtjSaxbNS99febpZkZqgwgAmXOOrMYmA==",
      "requires": {
        "@antv/f2": "^3.3.3",
        "wolfy87-eventemitter": "^5.2.4"
      }
    },
    "@babel/runtime": {
      "version": "7.12.13",
      "resolved": "https://registry.npmjs.org/@babel/runtime/-/runtime-7.12.13.tgz",
      "integrity": "sha512-8+3UMPBrjFa/6TtKi/7sehPKqfAm4g6K+YQjyyFOLUTxzOngcRZTlAVY8sc2CORJYqdHQY8gRPHmn+qo15rCBw==",
      "requires": {
        "regenerator-runtime": "^0.13.4"
      }
    },
    "@types/hammerjs": {
      "version": "2.0.38",
      "resolved": "https://registry.npmjs.org/@types/hammerjs/-/hammerjs-2.0.38.tgz",
      "integrity": "sha512-wuwDzWW1JWh3BZoRftBlKcctjNzR75QFY4/b4zAz7sH1EesA8HBJzke+bF5dxCATNdHHs3X1P5UWanbbUT6chw=="
    },
    "fecha": {
      "version": "4.2.0",
      "resolved": "https://registry.npmjs.org/fecha/-/fecha-4.2.0.tgz",
      "integrity": "sha512-aN3pcx/DSmtyoovUudctc8+6Hl4T+hI9GBBHLjA76jdZl7+b1sgh5g4k+u/GL3dTy1/pnYzKp69FpJ0OicE3Wg=="
    },
    "hammerjs": {
      "version": "2.0.8",
      "resolved": "https://registry.npmjs.org/hammerjs/-/hammerjs-2.0.8.tgz",
      "integrity": "sha1-BO93hiz/K7edMPdpIJWTAiK/YPE="
    },
    "regenerator-runtime": {
      "version": "0.13.7",
      "resolved": "https://registry.npmjs.org/regenerator-runtime/-/regenerator-runtime-0.13.7.tgz",
      "integrity": "sha512-a54FxoJDIr27pgf7IgeQGxmqUNYrcV338lf/6gH456HZ/PhX+5BcwHXG9ajESmwe6WRO0tAzRUrRmNONWgkrew=="
    },
    "tslib": {
      "version": "2.1.0",
      "resolved": "https://registry.npmjs.org/tslib/-/tslib-2.1.0.tgz",
      "integrity": "sha512-hcVC3wYEziELGGmEEXue7D75zbwIIVUMWAVbHItGPx0ziyXxrOMQx4rQEVEV45Ut/1IotuEvwqPopzIOkDMf0A=="
    },
    "type-fest": {
      "version": "0.15.1",
      "resolved": "https://registry.npmjs.org/type-fest/-/type-fest-0.15.1.tgz",
      "integrity": "sha512-n+UXrN8i5ioo7kqT/nF8xsEzLaqFra7k32SEsSPwvXVGyAcRgV/FUQN/sgfptJTR1oRmmq7z4IXMFSM7im7C9A=="
    },
    "wolfy87-eventemitter": {
      "version": "5.2.9",
      "resolved": "https://registry.npmjs.org/wolfy87-eventemitter/-/wolfy87-eventemitter-5.2.9.tgz",
      "integrity": "sha512-P+6vtWyuDw+MB01X7UeF8TaHBvbCovf4HPEMF/SV7BdDc1SMTiBy13SRD71lQh4ExFTG1d/WNzDGDCyOKSMblw=="
    }
  }
}
